
Microsoft Visual Studio Solution File, Format Version 12.00
# Visual Studio Version 17
VisualStudioVersion = 17.6.33829.357
MinimumVisualStudioVersion = 10.0.40219.1
Project("{FAE04EC0-301F-11D3-BF4B-00C04F79EFBC}") = "Auth-Middlewares", "Auth-Middlewares\Auth-Middlewares.csproj", "{2D2EDB32-E205-448B-8FBB-4DEEC0CC6BB0}"
EndProject
Global
	GlobalSection(SolutionConfigurationPlatforms) = preSolution
		Debug|Any CPU = Debug|Any CPU
		Release|Any CPU = Release|Any CPU
	EndGlobalSection
	GlobalSection(ProjectConfigurationPlatforms) = postSolution
		{2D2EDB32-E205-448B-8FBB-4DEEC0CC6BB0}.Debug|Any CPU.ActiveCfg = Debug|Any CPU
		{2D2EDB32-E205-448B-8FBB-4DEEC0CC6BB0}.Debug|Any CPU.Build.0 = Debug|Any CPU
		{2D2EDB32-E205-448B-8FBB-4DEEC0CC6BB0}.Release|Any CPU.ActiveCfg = Release|Any CPU
		{2D2EDB32-E205-448B-8FBB-4DEEC0CC6BB0}.Release|Any CPU.Build.0 = Release|Any CPU
	EndGlobalSection
	GlobalSection(SolutionProperties) = preSolution
		HideSolutionNode = FALSE
	EndGlobalSection
	GlobalSection(ExtensibilityGlobals) = postSolution
		SolutionGuid = {F47BCA5C-86AA-4BCB-8D5B-736E4485C580}
	EndGlobalSection
EndGlobal
